
Microsoft Visual Studio Solution File, Format Version 12.00
# Visual Studio 14
VisualStudioVersion = 14.0.25420.1
MinimumVisualStudioVersion = 10.0.40219.1
Project("{FAE04EC0-301F-11D3-BF4B-00C04F79EFBC}") = "HiveThrift", "HiveThrift\HiveThrift.csproj", "{DC952DB2-13DE-4C6F-88C2-914EA0B52046}"
EndProject
Project("{FAE04EC0-301F-11D3-BF4B-00C04F79EFBC}") = "Example", "Example\Example.csproj", "{31A8B6BA-CA9F-473E-B39F-08B6C7987AFE}"
EndProject
Project("{8BB2217D-0F2D-49D1-97BC-3654ED321F3B}") = "NetCore", "NetCore\NetCore.xproj", "{5438EF72-77B3-4B58-8BDB-DCDCB50A029D}"
EndProject
Global
	GlobalSection(SolutionConfigurationPlatforms) = preSolution
		Debug|Any CPU = Debug|Any CPU
		Release|Any CPU = Release|Any CPU
	EndGlobalSection
	GlobalSection(ProjectConfigurationPlatforms) = postSolution
		{DC952DB2-13DE-4C6F-88C2-914EA0B52046}.Debug|Any CPU.ActiveCfg = Debug|Any CPU
		{DC952DB2-13DE-4C6F-88C2-914EA0B52046}.Debug|Any CPU.Build.0 = Debug|Any CPU
		{DC952DB2-13DE-4C6F-88C2-914EA0B52046}.Release|Any CPU.ActiveCfg = Release|Any CPU
		{DC952DB2-13DE-4C6F-88C2-914EA0B52046}.Release|Any CPU.Build.0 = Release|Any CPU
		{31A8B6BA-CA9F-473E-B39F-08B6C7987AFE}.Debug|Any CPU.ActiveCfg = Debug|Any CPU
		{31A8B6BA-CA9F-473E-B39F-08B6C7987AFE}.Debug|Any CPU.Build.0 = Debug|Any CPU
		{31A8B6BA-CA9F-473E-B39F-08B6C7987AFE}.Release|Any CPU.ActiveCfg = Release|Any CPU
		{31A8B6BA-CA9F-473E-B39F-08B6C7987AFE}.Release|Any CPU.Build.0 = Release|Any CPU
		{5438EF72-77B3-4B58-8BDB-DCDCB50A029D}.Debug|Any CPU.ActiveCfg = Debug|Any CPU
		{5438EF72-77B3-4B58-8BDB-DCDCB50A029D}.Debug|Any CPU.Build.0 = Debug|Any CPU
		{5438EF72-77B3-4B58-8BDB-DCDCB50A029D}.Release|Any CPU.ActiveCfg = Release|Any CPU
		{5438EF72-77B3-4B58-8BDB-DCDCB50A029D}.Release|Any CPU.Build.0 = Release|Any CPU
	EndGlobalSection
	GlobalSection(SolutionProperties) = preSolution
		HideSolutionNode = FALSE
	EndGlobalSection
EndGlobal
